Microsoft Visual Studio Solution File, Format Version 12.00
# Visual Studio Version 17
VisualStudioVersion = 17.5.2.0
MinimumVisualStudioVersion = 10.0.40219.1
Project("{FAE04EC0-301F-11D3-BF4B-00C04F79EFBC}") = "CSharpCheatSheet", "CSharpCheatSheet.csproj", "{E4F4517A-85B3-B5E7-24FB-9FC4860CF6A1}"
EndProject
Global
	GlobalSection(SolutionConfigurationPlatforms) = preSolution
		Debug|Any CPU = Debug|Any CPU
		Release|Any CPU = Release|Any CPU
	EndGlobalSection
	GlobalSection(ProjectConfigurationPlatforms) = postSolution
		{E4F4517A-85B3-B5E7-24FB-9FC4860CF6A1}.Debug|Any CPU.ActiveCfg = Debug|Any CPU
		{E4F4517A-85B3-B5E7-24FB-9FC4860CF6A1}.Debug|Any CPU.Build.0 = Debug|Any CPU
		{E4F4517A-85B3-B5E7-24FB-9FC4860CF6A1}.Release|Any CPU.ActiveCfg = Release|Any CPU
		{E4F4517A-85B3-B5E7-24FB-9FC4860CF6A1}.Release|Any CPU.Build.0 = Release|Any CPU
	EndGlobalSection
	GlobalSection(SolutionProperties) = preSolution
		HideSolutionNode = FALSE
	EndGlobalSection
	GlobalSection(ExtensibilityGlobals) = postSolution
		SolutionGuid = {EC428534-F9AC-4161-BF7A-BB4CFE1D4180}
	EndGlobalSection
EndGlobal
