
Microsoft Visual Studio Solution File, Format Version 12.00
# Visual Studio Version 17
VisualStudioVersion = 17.0.31903.59
MinimumVisualStudioVersion = 10.0.40219.1
Project("{FAE04EC0-301F-11D3-BF4B-00C04F79EFBC}") = "Lekce01.Vyklad.Konzole", "Lekce01.Vyklad.Konzole\Lekce01.Vyklad.Konzole.csproj", "{3F42CD4E-60F6-4F23-A0D7-C30647B179AB}"
EndProject
Project("{FAE04EC0-301F-11D3-BF4B-00C04F79EFBC}") = "Lekce01.Ukol", "Lekce01.Ukol\Lekce01.Ukol.csproj", "{671557AA-792C-4E5A-8B7E-F86A361FA055}"
EndProject
Project("{FAE04EC0-301F-11D3-BF4B-00C04F79EFBC}") = "Lekce02.Vyklad.Promenne", "Lekce02.Vyklad.Promenne\Lekce02.Vyklad.Promenne.csproj", "{986E8385-E8E5-4D16-A505-61044AB213E4}"
EndProject
Project("{FAE04EC0-301F-11D3-BF4B-00C04F79EFBC}") = "Lekce02.BreakoutRoom1.PromenneAVstupUzivatele", "Lekce02.BreakoutRoom1.PromenneAVstupUzivatele\Lekce02.BreakoutRoom1.PromenneAVstupUzivatele.csproj", "{3AFFF155-222A-4AEE-B300-2E13A60AE9A2}"
EndProject
Project("{FAE04EC0-301F-11D3-BF4B-00C04F79EFBC}") = "Lekce02.Vyklad.If", "Lekce02.Vyklad.If\Lekce02.Vyklad.If.csproj", "{A524AC3F-C397-4EC5-B24F-06866E0B1EFD}"
EndProject
Project("{FAE04EC0-301F-11D3-BF4B-00C04F79EFBC}") = "Lekce02.BreakoutRoom2.PraceSPromennymiAIfy", "Lekce02.BreakoutRoom2.PraceSPromennymiAIfy\Lekce02.BreakoutRoom2.PraceSPromennymiAIfy.csproj", "{7DD611F4-095E-47EA-9869-ACC246E0450B}"
EndProject
Project("{FAE04EC0-301F-11D3-BF4B-00C04F79EFBC}") = "Lekce03.Opakovani", "Lekce03.Opakovani\Lekce03.Opakovani.csproj", "{574A15CE-EB77-42FF-B20B-263FECBF20A5}"
EndProject
Project("{FAE04EC0-301F-11D3-BF4B-00C04F79EFBC}") = "Lekce03.Vyklad.Switch", "Lekce03.Vyklad.Switch\Lekce03.Vyklad.Switch.csproj", "{934A83B0-79E2-43FB-8EB8-B45381BB92E9}"
EndProject
Project("{FAE04EC0-301F-11D3-BF4B-00C04F79EFBC}") = "Lekce03.BreakoutRoom1.Switch", "Lekce03.BreakoutRoom1.Switch\Lekce03.BreakoutRoom1.Switch.csproj", "{21804936-086B-4980-AE34-4BF372D3EB47}"
EndProject
Project("{FAE04EC0-301F-11D3-BF4B-00C04F79EFBC}") = "Lekce03.Vyklad.Boolean", "Lekce03.Vyklad.Boolean\Lekce03.Vyklad.Boolean.csproj", "{B529726B-4D37-4F06-9664-455B25893B6C}"
EndProject
Project("{FAE04EC0-301F-11D3-BF4B-00C04F79EFBC}") = "Lekce03.Vyklad.TryParse", "Lekce03.Vyklad.TryParse\Lekce03.Vyklad.TryParse.csproj", "{AEE7F62A-49AD-4815-AD95-4F61A9EB08F3}"
EndProject
Project("{FAE04EC0-301F-11D3-BF4B-00C04F79EFBC}") = "Lekce03.BreakoutRoom2.TryParse", "Lekce03.BreakoutRoom2,TryParse\Lekce03.BreakoutRoom2.TryParse.csproj", "{71A629F3-5490-4026-AE12-DE76854C108F}"
EndProject
Project("{FAE04EC0-301F-11D3-BF4B-00C04F79EFBC}") = "Lekce04.Vyklad.Cykly", "Lekce04.Vyklad.Cykly\Lekce04.Vyklad.Cykly.csproj", "{4306E044-DCDB-4BAF-8366-A338D9EBBE90}"
EndProject
Project("{FAE04EC0-301F-11D3-BF4B-00C04F79EFBC}") = "Lekce04.BreakoutRoom1.While", "Lekce04.BreakoutRoom1.While\Lekce04.BreakoutRoom1.While.csproj", "{B251549B-CB08-47B9-A2F6-05E5859F5130}"
EndProject
Project("{FAE04EC0-301F-11D3-BF4B-00C04F79EFBC}") = "Lekce04.Vyklad.For", "Lekce04.Vyklad.For\Lekce04.Vyklad.For.csproj", "{EAA129F0-133A-4592-8BCE-FEB7F11B1C29}"
EndProject
Project("{FAE04EC0-301F-11D3-BF4B-00C04F79EFBC}") = "Lekce04.BreakoutRoom2.For", "Lekce04.BreakoutRoom2.For\Lekce04.BreakoutRoom2.For.csproj", "{E7DD15E5-0964-4568-841D-442D1DE4C381}"
EndProject
Project("{FAE04EC0-301F-11D3-BF4B-00C04F79EFBC}") = "Lekce05.Vyklad.UkoncovaciPrikazy", "Lekce05.Vyklad.UkoncovaciPrikazy\Lekce05.Vyklad.UkoncovaciPrikazy.csproj", "{77FC50DC-B602-495D-A323-15CD99E214DD}"
EndProject
Project("{FAE04EC0-301F-11D3-BF4B-00C04F79EFBC}") = "Lekce05.Vyklad.Main", "Lekce05.Vyklad.Main\Lekce05.Vyklad.Main.csproj", "{062B9E98-C443-4CFB-BDCA-29D1BA5F73EE}"
EndProject
Project("{FAE04EC0-301F-11D3-BF4B-00C04F79EFBC}") = "Lekce05.Vyklad.MetodyZaklad", "Lekce05.Vyklad.MetodyZaklad\Lekce05.Vyklad.MetodyZaklad.csproj", "{B3CBBA80-C6AF-415E-B06B-07654736FB9E}"
EndProject
Project("{FAE04EC0-301F-11D3-BF4B-00C04F79EFBC}") = "Lekce05.Vyklad.MetodyPokrocile", "Lekce05.Vyklad.MetodyPokrocile\Lekce05.Vyklad.MetodyPokrocile.csproj", "{27A2C348-4F62-4BF7-AEA1-7447C3F5A006}"
EndProject
Global
	GlobalSection(SolutionConfigurationPlatforms) = preSolution
		Debug|Any CPU = Debug|Any CPU
		Release|Any CPU = Release|Any CPU
	EndGlobalSection
	GlobalSection(ProjectConfigurationPlatforms) = postSolution
		{3F42CD4E-60F6-4F23-A0D7-C30647B179AB}.Debug|Any CPU.ActiveCfg = Debug|Any CPU
		{3F42CD4E-60F6-4F23-A0D7-C30647B179AB}.Debug|Any CPU.Build.0 = Debug|Any CPU
		{3F42CD4E-60F6-4F23-A0D7-C30647B179AB}.Release|Any CPU.ActiveCfg = Release|Any CPU
		{3F42CD4E-60F6-4F23-A0D7-C30647B179AB}.Release|Any CPU.Build.0 = Release|Any CPU
		{671557AA-792C-4E5A-8B7E-F86A361FA055}.Debug|Any CPU.ActiveCfg = Debug|Any CPU
		{671557AA-792C-4E5A-8B7E-F86A361FA055}.Debug|Any CPU.Build.0 = Debug|Any CPU
		{671557AA-792C-4E5A-8B7E-F86A361FA055}.Release|Any CPU.ActiveCfg = Release|Any CPU
		{671557AA-792C-4E5A-8B7E-F86A361FA055}.Release|Any CPU.Build.0 = Release|Any CPU
		{986E8385-E8E5-4D16-A505-61044AB213E4}.Debug|Any CPU.ActiveCfg = Debug|Any CPU
		{986E8385-E8E5-4D16-A505-61044AB213E4}.Debug|Any CPU.Build.0 = Debug|Any CPU
		{986E8385-E8E5-4D16-A505-61044AB213E4}.Release|Any CPU.ActiveCfg = Release|Any CPU
		{986E8385-E8E5-4D16-A505-61044AB213E4}.Release|Any CPU.Build.0 = Release|Any CPU
		{3AFFF155-222A-4AEE-B300-2E13A60AE9A2}.Debug|Any CPU.ActiveCfg = Debug|Any CPU
		{3AFFF155-222A-4AEE-B300-2E13A60AE9A2}.Debug|Any CPU.Build.0 = Debug|Any CPU
		{3AFFF155-222A-4AEE-B300-2E13A60AE9A2}.Release|Any CPU.ActiveCfg = Release|Any CPU
		{3AFFF155-222A-4AEE-B300-2E13A60AE9A2}.Release|Any CPU.Build.0 = Release|Any CPU
		{A524AC3F-C397-4EC5-B24F-06866E0B1EFD}.Debug|Any CPU.ActiveCfg = Debug|Any CPU
		{A524AC3F-C397-4EC5-B24F-06866E0B1EFD}.Debug|Any CPU.Build.0 = Debug|Any CPU
		{A524AC3F-C397-4EC5-B24F-06866E0B1EFD}.Release|Any CPU.ActiveCfg = Release|Any CPU
		{A524AC3F-C397-4EC5-B24F-06866E0B1EFD}.Release|Any CPU.Build.0 = Release|Any CPU
		{7DD611F4-095E-47EA-9869-ACC246E0450B}.Debug|Any CPU.ActiveCfg = Debug|Any CPU
		{7DD611F4-095E-47EA-9869-ACC246E0450B}.Debug|Any CPU.Build.0 = Debug|Any CPU
		{7DD611F4-095E-47EA-9869-ACC246E0450B}.Release|Any CPU.ActiveCfg = Release|Any CPU
		{7DD611F4-095E-47EA-9869-ACC246E0450B}.Release|Any CPU.Build.0 = Release|Any CPU
		{574A15CE-EB77-42FF-B20B-263FECBF20A5}.Debug|Any CPU.ActiveCfg = Debug|Any CPU
		{574A15CE-EB77-42FF-B20B-263FECBF20A5}.Debug|Any CPU.Build.0 = Debug|Any CPU
		{574A15CE-EB77-42FF-B20B-263FECBF20A5}.Release|Any CPU.ActiveCfg = Release|Any CPU
		{574A15CE-EB77-42FF-B20B-263FECBF20A5}.Release|Any CPU.Build.0 = Release|Any CPU
		{934A83B0-79E2-43FB-8EB8-B45381BB92E9}.Debug|Any CPU.ActiveCfg = Debug|Any CPU
		{934A83B0-79E2-43FB-8EB8-B45381BB92E9}.Debug|Any CPU.Build.0 = Debug|Any CPU
		{934A83B0-79E2-43FB-8EB8-B45381BB92E9}.Release|Any CPU.ActiveCfg = Release|Any CPU
		{934A83B0-79E2-43FB-8EB8-B45381BB92E9}.Release|Any CPU.Build.0 = Release|Any CPU
		{21804936-086B-4980-AE34-4BF372D3EB47}.Debug|Any CPU.ActiveCfg = Debug|Any CPU
		{21804936-086B-4980-AE34-4BF372D3EB47}.Debug|Any CPU.Build.0 = Debug|Any CPU
		{21804936-086B-4980-AE34-4BF372D3EB47}.Release|Any CPU.ActiveCfg = Release|Any CPU
		{21804936-086B-4980-AE34-4BF372D3EB47}.Release|Any CPU.Build.0 = Release|Any CPU
		{B529726B-4D37-4F06-9664-455B25893B6C}.Debug|Any CPU.ActiveCfg = Debug|Any CPU
		{B529726B-4D37-4F06-9664-455B25893B6C}.Debug|Any CPU.Build.0 = Debug|Any CPU
		{B529726B-4D37-4F06-9664-455B25893B6C}.Release|Any CPU.ActiveCfg = Release|Any CPU
		{B529726B-4D37-4F06-9664-455B25893B6C}.Release|Any CPU.Build.0 = Release|Any CPU
		{AEE7F62A-49AD-4815-AD95-4F61A9EB08F3}.Debug|Any CPU.ActiveCfg = Debug|Any CPU
		{AEE7F62A-49AD-4815-AD95-4F61A9EB08F3}.Debug|Any CPU.Build.0 = Debug|Any CPU
		{AEE7F62A-49AD-4815-AD95-4F61A9EB08F3}.Release|Any CPU.ActiveCfg = Release|Any CPU
		{AEE7F62A-49AD-4815-AD95-4F61A9EB08F3}.Release|Any CPU.Build.0 = Release|Any CPU
		{71A629F3-5490-4026-AE12-DE76854C108F}.Debug|Any CPU.ActiveCfg = Debug|Any CPU
		{71A629F3-5490-4026-AE12-DE76854C108F}.Debug|Any CPU.Build.0 = Debug|Any CPU
		{71A629F3-5490-4026-AE12-DE76854C108F}.Release|Any CPU.ActiveCfg = Release|Any CPU
		{71A629F3-5490-4026-AE12-DE76854C108F}.Release|Any CPU.Build.0 = Release|Any CPU
		{4306E044-DCDB-4BAF-8366-A338D9EBBE90}.Debug|Any CPU.ActiveCfg = Debug|Any CPU
		{4306E044-DCDB-4BAF-8366-A338D9EBBE90}.Debug|Any CPU.Build.0 = Debug|Any CPU
		{4306E044-DCDB-4BAF-8366-A338D9EBBE90}.Release|Any CPU.ActiveCfg = Release|Any CPU
		{4306E044-DCDB-4BAF-8366-A338D9EBBE90}.Release|Any CPU.Build.0 = Release|Any CPU
		{B251549B-CB08-47B9-A2F6-05E5859F5130}.Debug|Any CPU.ActiveCfg = Debug|Any CPU
		{B251549B-CB08-47B9-A2F6-05E5859F5130}.Debug|Any CPU.Build.0 = Debug|Any CPU
		{B251549B-CB08-47B9-A2F6-05E5859F5130}.Release|Any CPU.ActiveCfg = Release|Any CPU
		{B251549B-CB08-47B9-A2F6-05E5859F5130}.Release|Any CPU.Build.0 = Release|Any CPU
		{EAA129F0-133A-4592-8BCE-FEB7F11B1C29}.Debug|Any CPU.ActiveCfg = Debug|Any CPU
		{EAA129F0-133A-4592-8BCE-FEB7F11B1C29}.Debug|Any CPU.Build.0 = Debug|Any CPU
		{EAA129F0-133A-4592-8BCE-FEB7F11B1C29}.Release|Any CPU.ActiveCfg = Release|Any CPU
		{EAA129F0-133A-4592-8BCE-FEB7F11B1C29}.Release|Any CPU.Build.0 = Release|Any CPU
		{E7DD15E5-0964-4568-841D-442D1DE4C381}.Debug|Any CPU.ActiveCfg = Debug|Any CPU
		{E7DD15E5-0964-4568-841D-442D1DE4C381}.Debug|Any CPU.Build.0 = Debug|Any CPU
		{E7DD15E5-0964-4568-841D-442D1DE4C381}.Release|Any CPU.ActiveCfg = Release|Any CPU
		{E7DD15E5-0964-4568-841D-442D1DE4C381}.Release|Any CPU.Build.0 = Release|Any CPU
		{77FC50DC-B602-495D-A323-15CD99E214DD}.Debug|Any CPU.ActiveCfg = Debug|Any CPU
		{77FC50DC-B602-495D-A323-15CD99E214DD}.Debug|Any CPU.Build.0 = Debug|Any CPU
		{77FC50DC-B602-495D-A323-15CD99E214DD}.Release|Any CPU.ActiveCfg = Release|Any CPU
		{77FC50DC-B602-495D-A323-15CD99E214DD}.Release|Any CPU.Build.0 = Release|Any CPU
		{062B9E98-C443-4CFB-BDCA-29D1BA5F73EE}.Debug|Any CPU.ActiveCfg = Debug|Any CPU
		{062B9E98-C443-4CFB-BDCA-29D1BA5F73EE}.Debug|Any CPU.Build.0 = Debug|Any CPU
		{062B9E98-C443-4CFB-BDCA-29D1BA5F73EE}.Release|Any CPU.ActiveCfg = Release|Any CPU
		{062B9E98-C443-4CFB-BDCA-29D1BA5F73EE}.Release|Any CPU.Build.0 = Release|Any CPU
		{B3CBBA80-C6AF-415E-B06B-07654736FB9E}.Debug|Any CPU.ActiveCfg = Debug|Any CPU
		{B3CBBA80-C6AF-415E-B06B-07654736FB9E}.Debug|Any CPU.Build.0 = Debug|Any CPU
		{B3CBBA80-C6AF-415E-B06B-07654736FB9E}.Release|Any CPU.ActiveCfg = Release|Any CPU
		{B3CBBA80-C6AF-415E-B06B-07654736FB9E}.Release|Any CPU.Build.0 = Release|Any CPU
		{27A2C348-4F62-4BF7-AEA1-7447C3F5A006}.Debug|Any CPU.ActiveCfg = Debug|Any CPU
		{27A2C348-4F62-4BF7-AEA1-7447C3F5A006}.Debug|Any CPU.Build.0 = Debug|Any CPU
		{27A2C348-4F62-4BF7-AEA1-7447C3F5A006}.Release|Any CPU.ActiveCfg = Release|Any CPU
		{27A2C348-4F62-4BF7-AEA1-7447C3F5A006}.Release|Any CPU.Build.0 = Release|Any CPU
	EndGlobalSection
	GlobalSection(SolutionProperties) = preSolution
		HideSolutionNode = FALSE
	EndGlobalSection
EndGlobal
