
Microsoft Visual Studio Solution File, Format Version 12.00
# Visual Studio Version 17
VisualStudioVersion = 17.0.31903.59
MinimumVisualStudioVersion = 10.0.40219.1
Project("{FAE04EC0-301F-11D3-BF4B-00C04F79EFBC}") = "Lekce01.Vyklad.Konzole", "Lekce01.Vyklad.Konzole\Lekce01.Vyklad.Konzole.csproj", "{3F42CD4E-60F6-4F23-A0D7-C30647B179AB}"
EndProject
Project("{FAE04EC0-301F-11D3-BF4B-00C04F79EFBC}") = "Lekce01.Ukol", "Lekce01.Ukol\Lekce01.Ukol.csproj", "{671557AA-792C-4E5A-8B7E-F86A361FA055}"
EndProject
Global
	GlobalSection(SolutionConfigurationPlatforms) = preSolution
		Debug|Any CPU = Debug|Any CPU
		Release|Any CPU = Release|Any CPU
	EndGlobalSection
	GlobalSection(SolutionProperties) = preSolution
		HideSolutionNode = FALSE
	EndGlobalSection
	GlobalSection(ProjectConfigurationPlatforms) = postSolution
		{3F42CD4E-60F6-4F23-A0D7-C30647B179AB}.Debug|Any CPU.ActiveCfg = Debug|Any CPU
		{3F42CD4E-60F6-4F23-A0D7-C30647B179AB}.Debug|Any CPU.Build.0 = Debug|Any CPU
		{3F42CD4E-60F6-4F23-A0D7-C30647B179AB}.Release|Any CPU.ActiveCfg = Release|Any CPU
		{3F42CD4E-60F6-4F23-A0D7-C30647B179AB}.Release|Any CPU.Build.0 = Release|Any CPU
		{671557AA-792C-4E5A-8B7E-F86A361FA055}.Debug|Any CPU.ActiveCfg = Debug|Any CPU
		{671557AA-792C-4E5A-8B7E-F86A361FA055}.Debug|Any CPU.Build.0 = Debug|Any CPU
		{671557AA-792C-4E5A-8B7E-F86A361FA055}.Release|Any CPU.ActiveCfg = Release|Any CPU
		{671557AA-792C-4E5A-8B7E-F86A361FA055}.Release|Any CPU.Build.0 = Release|Any CPU
	EndGlobalSection
EndGlobal
